{
  "name": "runhaven-copilot-image",
  "lockfileVersion": 3,
  "requires": true,
  "packages": {
    "": {
      "name": "runhaven-copilot-image",
      "dependencies": {
        "@github/copilot": "1.0.62"
      }
    },
    "node_modules/@github/copilot": {
      "version": "1.0.62",
      "resolved": "https://registry.npmjs.org/@github/copilot/-/copilot-1.0.62.tgz",
      "integrity": "sha512-jR2msL2xmLPHvcfnQnIJuaM9oEoL8qcjmsVOkyUrsqBVRGw2HaaFx9yAB4NLR+ub/XrhaIdnV91/4URR59Utbw==",
      "license": "SEE LICENSE IN LICENSE.md",
      "dependencies": {
        "detect-libc": "^2.1.2",
        "os-theme": "^0.0.8"
      },
      "bin": {
        "copilot": "npm-loader.js"
      },
      "optionalDependencies": {
        "@github/copilot-darwin-arm64": "1.0.62",
        "@github/copilot-darwin-x64": "1.0.62",
        "@github/copilot-linux-arm64": "1.0.62",
        "@github/copilot-linux-x64": "1.0.62",
        "@github/copilot-linuxmusl-arm64": "1.0.62",
        "@github/copilot-linuxmusl-x64": "1.0.62",
        "@github/copilot-win32-arm64": "1.0.62",
        "@github/copilot-win32-x64": "1.0.62"
      }
    },
    "node_modules/@github/copilot-darwin-arm64": {
      "version": "1.0.62",
      "resolved": "https://registry.npmjs.org/@github/copilot-darwin-arm64/-/copilot-darwin-arm64-1.0.62.tgz",
      "integrity": "sha512-ShFS6+O/9SzXT7WelzRnbDo/RWieTnEsACcarfYunbYb5CWbc3VDgpWc6ispn6UbLXFxO5Nj26j6vMlRqYugfA==",
      "cpu": [
        "arm64"
      ],
      "license": "SEE LICENSE IN LICENSE.md",
      "optional": true,
      "os": [
        "darwin"
      ],
      "bin": {
        "copilot-darwin-arm64": "copilot"
      }
    },
    "node_modules/@github/copilot-darwin-x64": {
      "version": "1.0.62",
      "resolved": "https://registry.npmjs.org/@github/copilot-darwin-x64/-/copilot-darwin-x64-1.0.62.tgz",
      "integrity": "sha512-6Ne9q04o/bIJyGciFqv0zu+6VftEA9BZahvg9QrBt/tMHxJ1IhY8//0deQlPtFh2hu5gaWp64hBjTBY3ViJkKA==",
      "cpu": [
        "x64"
      ],
      "license": "SEE LICENSE IN LICENSE.md",
      "optional": true,
      "os": [
        "darwin"
      ],
      "bin": {
        "copilot-darwin-x64": "copilot"
      }
    },
    "node_modules/@github/copilot-linux-arm64": {
      "version": "1.0.62",
      "resolved": "https://registry.npmjs.org/@github/copilot-linux-arm64/-/copilot-linux-arm64-1.0.62.tgz",
      "integrity": "sha512-PAEU/VyJ/6AUc+p5BfpuKVXUEZhQSZT26hiEf6R2ZxSOAL1BZPXj1BuqniFdBghP7SS2JKh6M5FM7oT0PomKPg==",
      "cpu": [
        "arm64"
      ],
      "libc": [
        "glibc"
      ],
      "license": "SEE LICENSE IN LICENSE.md",
      "optional": true,
      "os": [
        "linux"
      ],
      "bin": {
        "copilot-linux-arm64": "copilot"
      }
    },
    "node_modules/@github/copilot-linux-x64": {
      "version": "1.0.62",
      "resolved": "https://registry.npmjs.org/@github/copilot-linux-x64/-/copilot-linux-x64-1.0.62.tgz",
      "integrity": "sha512-XE+O7a1lyF6fhWrALPuyXARAwvVKSzbH+L1cbQU/BdVgx6TR68B0MMX3ByJTnwjGSzfxxVs2LI6nMrcbTyXhUQ==",
      "cpu": [
        "x64"
      ],
      "libc": [
        "glibc"
      ],
      "license": "SEE LICENSE IN LICENSE.md",
      "optional": true,
      "os": [
        "linux"
      ],
      "bin": {
        "copilot-linux-x64": "copilot"
      }
    },
    "node_modules/@github/copilot-linuxmusl-arm64": {
      "version": "1.0.62",
      "resolved": "https://registry.npmjs.org/@github/copilot-linuxmusl-arm64/-/copilot-linuxmusl-arm64-1.0.62.tgz",
      "integrity": "sha512-kww9Hi75i5BVhzrIgQnA/gz48m7A7aLkzG/ci2cRvuI7gTG3XzX+b93mpNqOcVD4yN1oqWza49rWnElJhjSvvg==",
      "cpu": [
        "arm64"
      ],
      "libc": [
        "musl"
      ],
      "license": "SEE LICENSE IN LICENSE.md",
      "optional": true,
      "os": [
        "linux"
      ],
      "bin": {
        "copilot-linuxmusl-arm64": "copilot"
      }
    },
    "node_modules/@github/copilot-linuxmusl-x64": {
      "version": "1.0.62",
      "resolved": "https://registry.npmjs.org/@github/copilot-linuxmusl-x64/-/copilot-linuxmusl-x64-1.0.62.tgz",
      "integrity": "sha512-6sC/Uz1OsMltkd0eqg7so5WyejnSxhnu2sY6rfVsn0epJ9wQyMXcjUDSHaY9DobUaF7HpgT3EPzU9Ncs0rByCQ==",
      "cpu": [
        "x64"
      ],
      "libc": [
        "musl"
      ],
      "license": "SEE LICENSE IN LICENSE.md",
      "optional": true,
      "os": [
        "linux"
      ],
      "bin": {
        "copilot-linuxmusl-x64": "copilot"
      }
    },
    "node_modules/@github/copilot-win32-arm64": {
      "version": "1.0.62",
      "resolved": "https://registry.npmjs.org/@github/copilot-win32-arm64/-/copilot-win32-arm64-1.0.62.tgz",
      "integrity": "sha512-kPpckuVCEvuXOEW+FNTs4AbF3I3/O8dA+S0wSyehNVzQczJRIpI+SDIGGXzehThw8EM2yf2mkcl9KfFq/ji18Q==",
      "cpu": [
        "arm64"
      ],
      "license": "SEE LICENSE IN LICENSE.md",
      "optional": true,
      "os": [
        "win32"
      ],
      "bin": {
        "copilot-win32-arm64": "copilot.exe"
      }
    },
    "node_modules/@github/copilot-win32-x64": {
      "version": "1.0.62",
      "resolved": "https://registry.npmjs.org/@github/copilot-win32-x64/-/copilot-win32-x64-1.0.62.tgz",
      "integrity": "sha512-cpXRdLMPm5dwCvF57NFmsr//Dsiqx5jMHSpzaqX78h4NI9m30v24cXFkXSoOOsCCgoPtO6170sassAlj1WWPNQ==",
      "cpu": [
        "x64"
      ],
      "license": "SEE LICENSE IN LICENSE.md",
      "optional": true,
      "os": [
        "win32"
      ],
      "bin": {
        "copilot-win32-x64": "copilot.exe"
      }
    },
    "node_modules/@os-theme/darwin-arm64": {
      "version": "0.0.8",
      "resolved": "https://registry.npmjs.org/@os-theme/darwin-arm64/-/darwin-arm64-0.0.8.tgz",
      "integrity": "sha512-gMsOs+8Ju396a5yyMWigkbA0dMTxD78U3HzG3mlpiAyn6hfd5dbyI4VGP+sfTB82KGgWLzIhWWTFX5UYY6iX0A==",
      "cpu": [
        "arm64"
      ],
      "license": "MIT",
      "optional": true,
      "os": [
        "darwin"
      ]
    },
    "node_modules/@os-theme/linux-x64": {
      "version": "0.0.8",
      "resolved": "https://registry.npmjs.org/@os-theme/linux-x64/-/linux-x64-0.0.8.tgz",
      "integrity": "sha512-zvjmBUiSQPjM1RbhpsfCDYMJxW4eLlGmkFPnpteC/03X2lz6CjiX2hfbN2EWLxXjNnIje3Jqaen8IsqEnWrRBg==",
      "cpu": [
        "x64"
      ],
      "license": "MIT",
      "optional": true,
      "os": [
        "linux"
      ]
    },
    "node_modules/@os-theme/win32-x64": {
      "version": "0.0.8",
      "resolved": "https://registry.npmjs.org/@os-theme/win32-x64/-/win32-x64-0.0.8.tgz",
      "integrity": "sha512-N3yxKNbVl2IBa/ncDuq55QhwqwUjnYLJxDKMEmYeJbLIV950qZNojPw3scXA6PbfxPZfIiRa8iz1pzNg9XxP8w==",
      "cpu": [
        "x64"
      ],
      "license": "MIT",
      "optional": true,
      "os": [
        "win32"
      ]
    },
    "node_modules/detect-libc": {
      "version": "2.1.2",
      "resolved": "https://registry.npmjs.org/detect-libc/-/detect-libc-2.1.2.tgz",
      "integrity": "sha512-Btj2BOOO83o3WyH59e8MgXsxEQVcarkUOpEYrubB0urwnN10yQ364rsiByU11nZlqWYZm05i/of7io4mzihBtQ==",
      "license": "Apache-2.0",
      "engines": {
        "node": ">=8"
      }
    },
    "node_modules/os-theme": {
      "version": "0.0.8",
      "resolved": "https://registry.npmjs.org/os-theme/-/os-theme-0.0.8.tgz",
      "integrity": "sha512-u1q3bLSv5uMHNIiPItkfDrHXu6ZFs2juwqxWREFM/uVBa+7Kkhy2v49LmJev2JcinGwqiEccElB/XsH9gwasuA==",
      "license": "MIT",
      "optionalDependencies": {
        "@os-theme/darwin-arm64": "0.0.8",
        "@os-theme/linux-x64": "0.0.8",
        "@os-theme/win32-x64": "0.0.8"
      },
      "peerDependencies": {
        "typescript": "^5"
      }
    },
    "node_modules/typescript": {
      "version": "5.9.3",
      "resolved": "https://registry.npmjs.org/typescript/-/typescript-5.9.3.tgz",
      "integrity": "sha512-jl1vZzPDinLr9eUt3J/t7V6FgNEw9QjvBPdysz9KfQDD41fQrC2Y4vKQdiaUpFT4bXlb1RHhLpp8wtm6M5TgSw==",
      "license": "Apache-2.0",
      "peer": true,
      "bin": {
        "tsc": "bin/tsc",
        "tsserver": "bin/tsserver"
      },
      "engines": {
        "node": ">=14.17"
      }
    }
  }
}
